
Microsoft Visual Studio Solution File, Format Version 12.00
# Visual Studio Version 17
VisualStudioVersion = 17.0.31903.59
MinimumVisualStudioVersion = 10.0.40219.1
Project("{FAE04EC0-301F-11D3-BF4B-00C04F79EFBC}") = "AcadMcp.Shared", "AcadMcp.Shared\AcadMcp.Shared.csproj", "{B6CB0C3A-25D7-4FD8-8B1A-C4BA9D56E0A2}"
EndProject
Project("{FAE04EC0-301F-11D3-BF4B-00C04F79EFBC}") = "AcadMcp.SourceGen", "AcadMcp.SourceGen\AcadMcp.SourceGen.csproj", "{909FCA87-E81E-4937-AAF3-872581AD30C7}"
EndProject
Project("{FAE04EC0-301F-11D3-BF4B-00C04F79EFBC}") = "AcadMcp.Backend", "AcadMcp.Backend\AcadMcp.Backend.csproj", "{B29DB9F7-87BE-4CB2-B319-BA36860D6434}"
EndProject
Project("{FAE04EC0-301F-11D3-BF4B-00C04F79EFBC}") = "AcadMcp.ComBridge", "AcadMcp.ComBridge\AcadMcp.ComBridge.csproj", "{945582C5-B541-4705-930C-E3FDF5D62AB1}"
EndProject
Project("{FAE04EC0-301F-11D3-BF4B-00C04F79EFBC}") = "AcadMcp.Lisp", "AcadMcp.Lisp\AcadMcp.Lisp.csproj", "{9F142F0F-C5BD-4ECB-A71B-68275AE0E36F}"
EndProject
Project("{FAE04EC0-301F-11D3-BF4B-00C04F79EFBC}") = "AcadMcp.Plugin", "AcadMcp.Plugin\AcadMcp.Plugin.csproj", "{C7664E2A-D631-4242-8F78-C82A515A1A96}"
EndProject
Project("{2150E333-8FDC-42A3-9474-1A3956D46DE8}") = "tests", "tests", "{0AB3BF05-4346-4AA6-1389-037BE0695223}"
EndProject
Project("{FAE04EC0-301F-11D3-BF4B-00C04F79EFBC}") = "AcadMcp.Tests", "..\tests\AcadMcp.Tests\AcadMcp.Tests.csproj", "{4BBC25D4-AC58-4E24-A4B6-4D8C92FDEDEC}"
EndProject
Project("{2150E333-8FDC-42A3-9474-1A3956D46DE8}") = "Companion", "Companion", "{2E3208BA-65E8-6454-01E3-2E708A500844}"
EndProject
Project("{FAE04EC0-301F-11D3-BF4B-00C04F79EFBC}") = "AcadMcp.Companion.Mcp", "Companion\AcadMcp.Companion.Mcp\AcadMcp.Companion.Mcp.csproj", "{A25025DE-FDA1-434E-8681-5D79CAF690AA}"
EndProject
Project("{FAE04EC0-301F-11D3-BF4B-00C04F79EFBC}") = "AcadMcp.Companion.Agent", "Companion\AcadMcp.Companion.Agent\AcadMcp.Companion.Agent.csproj", "{966A00DC-68DB-4F95-9578-70E7FDB28110}"
EndProject
Project("{FAE04EC0-301F-11D3-BF4B-00C04F79EFBC}") = "AcadMcp.Companion.Host", "Companion\AcadMcp.Companion.Host\AcadMcp.Companion.Host.csproj", "{8BEDC259-A89F-4FA5-AAC9-581BD6D1E264}"
EndProject
Global
	GlobalSection(SolutionConfigurationPlatforms) = preSolution
		Debug|Any CPU = Debug|Any CPU
		Debug|x64 = Debug|x64
		Debug|x86 = Debug|x86
		Release|Any CPU = Release|Any CPU
		Release|x64 = Release|x64
		Release|x86 = Release|x86
	EndGlobalSection
	GlobalSection(ProjectConfigurationPlatforms) = postSolution
		{B6CB0C3A-25D7-4FD8-8B1A-C4BA9D56E0A2}.Debug|Any CPU.ActiveCfg = Debug|Any CPU
		{B6CB0C3A-25D7-4FD8-8B1A-C4BA9D56E0A2}.Debug|Any CPU.Build.0 = Debug|Any CPU
		{B6CB0C3A-25D7-4FD8-8B1A-C4BA9D56E0A2}.Debug|x64.ActiveCfg = Debug|Any CPU
		{B6CB0C3A-25D7-4FD8-8B1A-C4BA9D56E0A2}.Debug|x64.Build.0 = Debug|Any CPU
		{B6CB0C3A-25D7-4FD8-8B1A-C4BA9D56E0A2}.Debug|x86.ActiveCfg = Debug|Any CPU
		{B6CB0C3A-25D7-4FD8-8B1A-C4BA9D56E0A2}.Debug|x86.Build.0 = Debug|Any CPU
		{B6CB0C3A-25D7-4FD8-8B1A-C4BA9D56E0A2}.Release|Any CPU.ActiveCfg = Release|Any CPU
		{B6CB0C3A-25D7-4FD8-8B1A-C4BA9D56E0A2}.Release|Any CPU.Build.0 = Release|Any CPU
		{B6CB0C3A-25D7-4FD8-8B1A-C4BA9D56E0A2}.Release|x64.ActiveCfg = Release|Any CPU
		{B6CB0C3A-25D7-4FD8-8B1A-C4BA9D56E0A2}.Release|x64.Build.0 = Release|Any CPU
		{B6CB0C3A-25D7-4FD8-8B1A-C4BA9D56E0A2}.Release|x86.ActiveCfg = Release|Any CPU
		{B6CB0C3A-25D7-4FD8-8B1A-C4BA9D56E0A2}.Release|x86.Build.0 = Release|Any CPU
		{909FCA87-E81E-4937-AAF3-872581AD30C7}.Debug|Any CPU.ActiveCfg = Debug|Any CPU
		{909FCA87-E81E-4937-AAF3-872581AD30C7}.Debug|Any CPU.Build.0 = Debug|Any CPU
		{909FCA87-E81E-4937-AAF3-872581AD30C7}.Debug|x64.ActiveCfg = Debug|Any CPU
		{909FCA87-E81E-4937-AAF3-872581AD30C7}.Debug|x64.Build.0 = Debug|Any CPU
		{909FCA87-E81E-4937-AAF3-872581AD30C7}.Debug|x86.ActiveCfg = Debug|Any CPU
		{909FCA87-E81E-4937-AAF3-872581AD30C7}.Debug|x86.Build.0 = Debug|Any CPU
		{909FCA87-E81E-4937-AAF3-872581AD30C7}.Release|Any CPU.ActiveCfg = Release|Any CPU
		{909FCA87-E81E-4937-AAF3-872581AD30C7}.Release|Any CPU.Build.0 = Release|Any CPU
		{909FCA87-E81E-4937-AAF3-872581AD30C7}.Release|x64.ActiveCfg = Release|Any CPU
		{909FCA87-E81E-4937-AAF3-872581AD30C7}.Release|x64.Build.0 = Release|Any CPU
		{909FCA87-E81E-4937-AAF3-872581AD30C7}.Release|x86.ActiveCfg = Release|Any CPU
		{909FCA87-E81E-4937-AAF3-872581AD30C7}.Release|x86.Build.0 = Release|Any CPU
		{B29DB9F7-87BE-4CB2-B319-BA36860D6434}.Debug|Any CPU.ActiveCfg = Debug|Any CPU
		{B29DB9F7-87BE-4CB2-B319-BA36860D6434}.Debug|Any CPU.Build.0 = Debug|Any CPU
		{B29DB9F7-87BE-4CB2-B319-BA36860D6434}.Debug|x64.ActiveCfg = Debug|Any CPU
		{B29DB9F7-87BE-4CB2-B319-BA36860D6434}.Debug|x64.Build.0 = Debug|Any CPU
		{B29DB9F7-87BE-4CB2-B319-BA36860D6434}.Debug|x86.ActiveCfg = Debug|Any CPU
		{B29DB9F7-87BE-4CB2-B319-BA36860D6434}.Debug|x86.Build.0 = Debug|Any CPU
		{B29DB9F7-87BE-4CB2-B319-BA36860D6434}.Release|Any CPU.ActiveCfg = Release|Any CPU
		{B29DB9F7-87BE-4CB2-B319-BA36860D6434}.Release|Any CPU.Build.0 = Release|Any CPU
		{B29DB9F7-87BE-4CB2-B319-BA36860D6434}.Release|x64.ActiveCfg = Release|Any CPU
		{B29DB9F7-87BE-4CB2-B319-BA36860D6434}.Release|x64.Build.0 = Release|Any CPU
		{B29DB9F7-87BE-4CB2-B319-BA36860D6434}.Release|x86.ActiveCfg = Release|Any CPU
		{B29DB9F7-87BE-4CB2-B319-BA36860D6434}.Release|x86.Build.0 = Release|Any CPU
		{945582C5-B541-4705-930C-E3FDF5D62AB1}.Debug|Any CPU.ActiveCfg = Debug|Any CPU
		{945582C5-B541-4705-930C-E3FDF5D62AB1}.Debug|Any CPU.Build.0 = Debug|Any CPU
		{945582C5-B541-4705-930C-E3FDF5D62AB1}.Debug|x64.ActiveCfg = Debug|Any CPU
		{945582C5-B541-4705-930C-E3FDF5D62AB1}.Debug|x64.Build.0 = Debug|Any CPU
		{945582C5-B541-4705-930C-E3FDF5D62AB1}.Debug|x86.ActiveCfg = Debug|Any CPU
		{945582C5-B541-4705-930C-E3FDF5D62AB1}.Debug|x86.Build.0 = Debug|Any CPU
		{945582C5-B541-4705-930C-E3FDF5D62AB1}.Release|Any CPU.ActiveCfg = Release|Any CPU
		{945582C5-B541-4705-930C-E3FDF5D62AB1}.Release|Any CPU.Build.0 = Release|Any CPU
		{945582C5-B541-4705-930C-E3FDF5D62AB1}.Release|x64.ActiveCfg = Release|Any CPU
		{945582C5-B541-4705-930C-E3FDF5D62AB1}.Release|x64.Build.0 = Release|Any CPU
		{945582C5-B541-4705-930C-E3FDF5D62AB1}.Release|x86.ActiveCfg = Release|Any CPU
		{945582C5-B541-4705-930C-E3FDF5D62AB1}.Release|x86.Build.0 = Release|Any CPU
		{9F142F0F-C5BD-4ECB-A71B-68275AE0E36F}.Debug|Any CPU.ActiveCfg = Debug|Any CPU
		{9F142F0F-C5BD-4ECB-A71B-68275AE0E36F}.Debug|Any CPU.Build.0 = Debug|Any CPU
		{9F142F0F-C5BD-4ECB-A71B-68275AE0E36F}.Debug|x64.ActiveCfg = Debug|Any CPU
		{9F142F0F-C5BD-4ECB-A71B-68275AE0E36F}.Debug|x64.Build.0 = Debug|Any CPU
		{9F142F0F-C5BD-4ECB-A71B-68275AE0E36F}.Debug|x86.ActiveCfg = Debug|Any CPU
		{9F142F0F-C5BD-4ECB-A71B-68275AE0E36F}.Debug|x86.Build.0 = Debug|Any CPU
		{9F142F0F-C5BD-4ECB-A71B-68275AE0E36F}.Release|Any CPU.ActiveCfg = Release|Any CPU
		{9F142F0F-C5BD-4ECB-A71B-68275AE0E36F}.Release|Any CPU.Build.0 = Release|Any CPU
		{9F142F0F-C5BD-4ECB-A71B-68275AE0E36F}.Release|x64.ActiveCfg = Release|Any CPU
		{9F142F0F-C5BD-4ECB-A71B-68275AE0E36F}.Release|x64.Build.0 = Release|Any CPU
		{9F142F0F-C5BD-4ECB-A71B-68275AE0E36F}.Release|x86.ActiveCfg = Release|Any CPU
		{9F142F0F-C5BD-4ECB-A71B-68275AE0E36F}.Release|x86.Build.0 = Release|Any CPU
		{C7664E2A-D631-4242-8F78-C82A515A1A96}.Debug|Any CPU.ActiveCfg = Debug|Any CPU
		{C7664E2A-D631-4242-8F78-C82A515A1A96}.Debug|Any CPU.Build.0 = Debug|Any CPU
		{C7664E2A-D631-4242-8F78-C82A515A1A96}.Debug|x64.ActiveCfg = Debug|Any CPU
		{C7664E2A-D631-4242-8F78-C82A515A1A96}.Debug|x64.Build.0 = Debug|Any CPU
		{C7664E2A-D631-4242-8F78-C82A515A1A96}.Debug|x86.ActiveCfg = Debug|Any CPU
		{C7664E2A-D631-4242-8F78-C82A515A1A96}.Debug|x86.Build.0 = Debug|Any CPU
		{C7664E2A-D631-4242-8F78-C82A515A1A96}.Release|Any CPU.ActiveCfg = Release|Any CPU
		{C7664E2A-D631-4242-8F78-C82A515A1A96}.Release|Any CPU.Build.0 = Release|Any CPU
		{C7664E2A-D631-4242-8F78-C82A515A1A96}.Release|x64.ActiveCfg = Release|Any CPU
		{C7664E2A-D631-4242-8F78-C82A515A1A96}.Release|x64.Build.0 = Release|Any CPU
		{C7664E2A-D631-4242-8F78-C82A515A1A96}.Release|x86.ActiveCfg = Release|Any CPU
		{C7664E2A-D631-4242-8F78-C82A515A1A96}.Release|x86.Build.0 = Release|Any CPU
		{4BBC25D4-AC58-4E24-A4B6-4D8C92FDEDEC}.Debug|Any CPU.ActiveCfg = Debug|Any CPU
		{4BBC25D4-AC58-4E24-A4B6-4D8C92FDEDEC}.Debug|Any CPU.Build.0 = Debug|Any CPU
		{4BBC25D4-AC58-4E24-A4B6-4D8C92FDEDEC}.Debug|x64.ActiveCfg = Debug|Any CPU
		{4BBC25D4-AC58-4E24-A4B6-4D8C92FDEDEC}.Debug|x64.Build.0 = Debug|Any CPU
		{4BBC25D4-AC58-4E24-A4B6-4D8C92FDEDEC}.Debug|x86.ActiveCfg = Debug|Any CPU
		{4BBC25D4-AC58-4E24-A4B6-4D8C92FDEDEC}.Debug|x86.Build.0 = Debug|Any CPU
		{4BBC25D4-AC58-4E24-A4B6-4D8C92FDEDEC}.Release|Any CPU.ActiveCfg = Release|Any CPU
		{4BBC25D4-AC58-4E24-A4B6-4D8C92FDEDEC}.Release|Any CPU.Build.0 = Release|Any CPU
		{4BBC25D4-AC58-4E24-A4B6-4D8C92FDEDEC}.Release|x64.ActiveCfg = Release|Any CPU
		{4BBC25D4-AC58-4E24-A4B6-4D8C92FDEDEC}.Release|x64.Build.0 = Release|Any CPU
		{4BBC25D4-AC58-4E24-A4B6-4D8C92FDEDEC}.Release|x86.ActiveCfg = Release|Any CPU
		{4BBC25D4-AC58-4E24-A4B6-4D8C92FDEDEC}.Release|x86.Build.0 = Release|Any CPU
		{A25025DE-FDA1-434E-8681-5D79CAF690AA}.Debug|Any CPU.ActiveCfg = Debug|Any CPU
		{A25025DE-FDA1-434E-8681-5D79CAF690AA}.Debug|Any CPU.Build.0 = Debug|Any CPU
		{A25025DE-FDA1-434E-8681-5D79CAF690AA}.Debug|x64.ActiveCfg = Debug|Any CPU
		{A25025DE-FDA1-434E-8681-5D79CAF690AA}.Debug|x64.Build.0 = Debug|Any CPU
		{A25025DE-FDA1-434E-8681-5D79CAF690AA}.Debug|x86.ActiveCfg = Debug|Any CPU
		{A25025DE-FDA1-434E-8681-5D79CAF690AA}.Debug|x86.Build.0 = Debug|Any CPU
		{A25025DE-FDA1-434E-8681-5D79CAF690AA}.Release|Any CPU.ActiveCfg = Release|Any CPU
		{A25025DE-FDA1-434E-8681-5D79CAF690AA}.Release|Any CPU.Build.0 = Release|Any CPU
		{A25025DE-FDA1-434E-8681-5D79CAF690AA}.Release|x64.ActiveCfg = Release|Any CPU
		{A25025DE-FDA1-434E-8681-5D79CAF690AA}.Release|x64.Build.0 = Release|Any CPU
		{A25025DE-FDA1-434E-8681-5D79CAF690AA}.Release|x86.ActiveCfg = Release|Any CPU
		{A25025DE-FDA1-434E-8681-5D79CAF690AA}.Release|x86.Build.0 = Release|Any CPU
		{966A00DC-68DB-4F95-9578-70E7FDB28110}.Debug|Any CPU.ActiveCfg = Debug|Any CPU
		{966A00DC-68DB-4F95-9578-70E7FDB28110}.Debug|Any CPU.Build.0 = Debug|Any CPU
		{966A00DC-68DB-4F95-9578-70E7FDB28110}.Debug|x64.ActiveCfg = Debug|Any CPU
		{966A00DC-68DB-4F95-9578-70E7FDB28110}.Debug|x64.Build.0 = Debug|Any CPU
		{966A00DC-68DB-4F95-9578-70E7FDB28110}.Debug|x86.ActiveCfg = Debug|Any CPU
		{966A00DC-68DB-4F95-9578-70E7FDB28110}.Debug|x86.Build.0 = Debug|Any CPU
		{966A00DC-68DB-4F95-9578-70E7FDB28110}.Release|Any CPU.ActiveCfg = Release|Any CPU
		{966A00DC-68DB-4F95-9578-70E7FDB28110}.Release|Any CPU.Build.0 = Release|Any CPU
		{966A00DC-68DB-4F95-9578-70E7FDB28110}.Release|x64.ActiveCfg = Release|Any CPU
		{966A00DC-68DB-4F95-9578-70E7FDB28110}.Release|x64.Build.0 = Release|Any CPU
		{966A00DC-68DB-4F95-9578-70E7FDB28110}.Release|x86.ActiveCfg = Release|Any CPU
		{966A00DC-68DB-4F95-9578-70E7FDB28110}.Release|x86.Build.0 = Release|Any CPU
		{8BEDC259-A89F-4FA5-AAC9-581BD6D1E264}.Debug|Any CPU.ActiveCfg = Debug|Any CPU
		{8BEDC259-A89F-4FA5-AAC9-581BD6D1E264}.Debug|Any CPU.Build.0 = Debug|Any CPU
		{8BEDC259-A89F-4FA5-AAC9-581BD6D1E264}.Debug|x64.ActiveCfg = Debug|Any CPU
		{8BEDC259-A89F-4FA5-AAC9-581BD6D1E264}.Debug|x64.Build.0 = Debug|Any CPU
		{8BEDC259-A89F-4FA5-AAC9-581BD6D1E264}.Debug|x86.ActiveCfg = Debug|Any CPU
		{8BEDC259-A89F-4FA5-AAC9-581BD6D1E264}.Debug|x86.Build.0 = Debug|Any CPU
		{8BEDC259-A89F-4FA5-AAC9-581BD6D1E264}.Release|Any CPU.ActiveCfg = Release|Any CPU
		{8BEDC259-A89F-4FA5-AAC9-581BD6D1E264}.Release|Any CPU.Build.0 = Release|Any CPU
		{8BEDC259-A89F-4FA5-AAC9-581BD6D1E264}.Release|x64.ActiveCfg = Release|Any CPU
		{8BEDC259-A89F-4FA5-AAC9-581BD6D1E264}.Release|x64.Build.0 = Release|Any CPU
		{8BEDC259-A89F-4FA5-AAC9-581BD6D1E264}.Release|x86.ActiveCfg = Release|Any CPU
		{8BEDC259-A89F-4FA5-AAC9-581BD6D1E264}.Release|x86.Build.0 = Release|Any CPU
	EndGlobalSection
	GlobalSection(SolutionProperties) = preSolution
		HideSolutionNode = FALSE
	EndGlobalSection
	GlobalSection(NestedProjects) = preSolution
		{4BBC25D4-AC58-4E24-A4B6-4D8C92FDEDEC} = {0AB3BF05-4346-4AA6-1389-037BE0695223}
		{A25025DE-FDA1-434E-8681-5D79CAF690AA} = {2E3208BA-65E8-6454-01E3-2E708A500844}
		{966A00DC-68DB-4F95-9578-70E7FDB28110} = {2E3208BA-65E8-6454-01E3-2E708A500844}
		{8BEDC259-A89F-4FA5-AAC9-581BD6D1E264} = {2E3208BA-65E8-6454-01E3-2E708A500844}
	EndGlobalSection
EndGlobal
